// !$*UTF8*$!
{
	archiveVersion = 1;
	classes = {
	};
	objectVersion = 52;
	objects = {

/* Begin PBXBuildFile section */
		70A817A223FAADF00068A00F /* ContextView.swift in Sources */ = {isa = PBXBuildFile; fileRef = 70A817A123FAADF00068A00F /* ContextView.swift */; };
		70A817A423FAB59D0068A00F /* BoneGroupView.swift in Sources */ = {isa = PBXBuildFile; fileRef = 70A817A323FAB59D0068A00F /* BoneGroupView.swift */; };
		70A817A623FAB7E50068A00F /* BoneFilesView.swift in Sources */ = {isa = PBXBuildFile; fileRef = 70A817A523FAB7E50068A00F /* BoneFilesView.swift */; };
		70A817A823FACFE10068A00F /* SourceCodeView.swift in Sources */ = {isa = PBXBuildFile; fileRef = 70A817A723FACFE10068A00F /* SourceCodeView.swift */; };
		70A817AA23FAD9B10068A00F /* EditorView.swift in Sources */ = {isa = PBXBuildFile; fileRef = 70A817A923FAD9B10068A00F /* EditorView.swift */; };
		70A817AC23FAD9FF0068A00F /* BoneItemController.swift in Sources */ = {isa = PBXBuildFile; fileRef = 70A817AB23FAD9FF0068A00F /* BoneItemController.swift */; };
		70A817AE23FBCECC0068A00F /* ContextController.swift in Sources */ = {isa = PBXBuildFile; fileRef = 70A817AD23FBCECB0068A00F /* ContextController.swift */; };
		70D8E7D223FA9DEC00A89C70 /* AppDelegate.swift in Sources */ = {isa = PBXBuildFile; fileRef = 70D8E7D123FA9DEC00A89C70 /* AppDelegate.swift */; };
		70D8E7D623FA9DEE00A89C70 /* Assets.xcassets in Resources */ = {isa = PBXBuildFile; fileRef = 70D8E7D523FA9DEE00A89C70 /* Assets.xcassets */; };
		70D8E7D923FA9DEE00A89C70 /* Preview Assets.xcassets in Resources */ = {isa = PBXBuildFile; fileRef = 70D8E7D823FA9DEE00A89C70 /* Preview Assets.xcassets */; };
		70D8E7DC23FA9DEE00A89C70 /* Main.storyboard in Resources */ = {isa = PBXBuildFile; fileRef = 70D8E7DA23FA9DEE00A89C70 /* Main.storyboard */; };
		70D8E7E623FA9E3D00A89C70 /* MurrayKit in Frameworks */ = {isa = PBXBuildFile; productRef = 70D8E7E523FA9E3D00A89C70 /* MurrayKit */; };
		70D8E7E923FAA20D00A89C70 /* Sourceful in Frameworks */ = {isa = PBXBuildFile; productRef = 70D8E7E823FAA20D00A89C70 /* Sourceful */; };
		70D8E7EC23FAA24600A89C70 /* UserDefaults.swift in Sources */ = {isa = PBXBuildFile; fileRef = 70D8E7EB23FAA24600A89C70 /* UserDefaults.swift */; };
		70D8E7EE23FAA35400A89C70 /* BoneSpecsView.swift in Sources */ = {isa = PBXBuildFile; fileRef = 70D8E7ED23FAA35400A89C70 /* BoneSpecsView.swift */; };
		70D8E7F323FAA3B400A89C70 /* BoneSpecsController.swift in Sources */ = {isa = PBXBuildFile; fileRef = 70D8E7F223FAA3B400A89C70 /* BoneSpecsController.swift */; };
		70D8E7F523FAA79E00A89C70 /* MainWindow.swift in Sources */ = {isa = PBXBuildFile; fileRef = 70D8E7F423FAA79E00A89C70 /* MainWindow.swift */; };
		70D8E7FA23FAA83C00A89C70 /* MainView.swift in Sources */ = {isa = PBXBuildFile; fileRef = 70D8E7F923FAA83C00A89C70 /* MainView.swift */; };
/* End PBXBuildFile section */

/* Begin PBXFileReference section */
		70A817A123FAADF00068A00F /* ContextView.swift */ = {isa = PBXFileReference; lastKnownFileType = sourcecode.swift; path = ContextView.swift; sourceTree = "<group>"; };
		70A817A323FAB59D0068A00F /* BoneGroupView.swift */ = {isa = PBXFileReference; lastKnownFileType = sourcecode.swift; path = BoneGroupView.swift; sourceTree = "<group>"; };
		70A817A523FAB7E50068A00F /* BoneFilesView.swift */ = {isa = PBXFileReference; lastKnownFileType = sourcecode.swift; path = BoneFilesView.swift; sourceTree = "<group>"; };
		70A817A723FACFE10068A00F /* SourceCodeView.swift */ = {isa = PBXFileReference; fileEncoding = 4; lastKnownFileType = sourcecode.swift; path = SourceCodeView.swift; sourceTree = "<group>"; };
		70A817A923FAD9B10068A00F /* EditorView.swift */ = {isa = PBXFileReference; fileEncoding = 4; lastKnownFileType = sourcecode.swift; path = EditorView.swift; sourceTree = "<group>"; };
		70A817AB23FAD9FF0068A00F /* BoneItemController.swift */ = {isa = PBXFileReference; lastKnownFileType = sourcecode.swift; path = BoneItemController.swift; sourceTree = "<group>"; };
		70A817AD23FBCECB0068A00F /* ContextController.swift */ = {isa = PBXFileReference; lastKnownFileType = sourcecode.swift; path = ContextController.swift; sourceTree = "<group>"; };
		70D8E7CE23FA9DEC00A89C70 /* MurrayStudio.app */ = {isa = PBXFileReference; explicitFileType = wrapper.application; includeInIndex = 0; path = MurrayStudio.app; sourceTree = BUILT_PRODUCTS_DIR; };
		70D8E7D123FA9DEC00A89C70 /* AppDelegate.swift */ = {isa = PBXFileReference; lastKnownFileType = sourcecode.swift; path = AppDelegate.swift; sourceTree = "<group>"; };
		70D8E7D523FA9DEE00A89C70 /* Assets.xcassets */ = {isa = PBXFileReference; lastKnownFileType = folder.assetcatalog; path = Assets.xcassets; sourceTree = "<group>"; };
		70D8E7D823FA9DEE00A89C70 /* Preview Assets.xcassets */ = {isa = PBXFileReference; lastKnownFileType = folder.assetcatalog; path = "Preview Assets.xcassets"; sourceTree = "<group>"; };
		70D8E7DB23FA9DEE00A89C70 /* Base */ = {isa = PBXFileReference; lastKnownFileType = file.storyboard; name = Base; path = Base.lproj/Main.storyboard; sourceTree = "<group>"; };
		70D8E7DD23FA9DEE00A89C70 /* Info.plist */ = {isa = PBXFileReference; lastKnownFileType = text.plist.xml; path = Info.plist; sourceTree = "<group>"; };
		70D8E7DE23FA9DEE00A89C70 /* MurrayStudio.entitlements */ = {isa = PBXFileReference; lastKnownFileType = text.plist.entitlements; path = MurrayStudio.entitlements; sourceTree = "<group>"; };
		70D8E7EB23FAA24600A89C70 /* UserDefaults.swift */ = {isa = PBXFileReference; lastKnownFileType = sourcecode.swift; path = UserDefaults.swift; sourceTree = "<group>"; };
		70D8E7ED23FAA35400A89C70 /* BoneSpecsView.swift */ = {isa = PBXFileReference; lastKnownFileType = sourcecode.swift; path = BoneSpecsView.swift; sourceTree = "<group>"; };
		70D8E7F223FAA3B400A89C70 /* BoneSpecsController.swift */ = {isa = PBXFileReference; lastKnownFileType = sourcecode.swift; path = BoneSpecsController.swift; sourceTree = "<group>"; };
		70D8E7F423FAA79E00A89C70 /* MainWindow.swift */ = {isa = PBXFileReference; lastKnownFileType = sourcecode.swift; path = MainWindow.swift; sourceTree = "<group>"; };
		70D8E7F923FAA83C00A89C70 /* MainView.swift */ = {isa = PBXFileReference; fileEncoding = 4; lastKnownFileType = sourcecode.swift; path = MainView.swift; sourceTree = "<group>"; };
/* End PBXFileReference section */

/* Begin PBXFrameworksBuildPhase section */
		70D8E7CB23FA9DEC00A89C70 /* Frameworks */ = {
			isa = PBXFrameworksBuildPhase;
			buildActionMask = 2147483647;
			files = (
				70D8E7E623FA9E3D00A89C70 /* MurrayKit in Frameworks */,
				70D8E7E923FAA20D00A89C70 /* Sourceful in Frameworks */,
			);
			runOnlyForDeploymentPostprocessing = 0;
		};
/* End PBXFrameworksBuildPhase section */

/* Begin PBXGroup section */
		70D8E7C523FA9DEC00A89C70 = {
			isa = PBXGroup;
			children = (
				70D8E7D023FA9DEC00A89C70 /* MurrayStudio */,
				70D8E7CF23FA9DEC00A89C70 /* Products */,
			);
			sourceTree = "<group>";
		};
		70D8E7CF23FA9DEC00A89C70 /* Products */ = {
			isa = PBXGroup;
			children = (
				70D8E7CE23FA9DEC00A89C70 /* MurrayStudio.app */,
			);
			name = Products;
			sourceTree = "<group>";
		};
		70D8E7D023FA9DEC00A89C70 /* MurrayStudio */ = {
			isa = PBXGroup;
			children = (
				70D8E7F623FAA7E500A89C70 /* Controllers */,
				70D8E7EA23FAA23000A89C70 /* Utilities */,
				70D8E7D123FA9DEC00A89C70 /* AppDelegate.swift */,
				70D8E7D523FA9DEE00A89C70 /* Assets.xcassets */,
				70D8E7DA23FA9DEE00A89C70 /* Main.storyboard */,
				70D8E7DD23FA9DEE00A89C70 /* Info.plist */,
				70D8E7DE23FA9DEE00A89C70 /* MurrayStudio.entitlements */,
				70D8E7D723FA9DEE00A89C70 /* Preview Content */,
				70D8E7EF23FAA35800A89C70 /* Views */,
			);
			path = MurrayStudio;
			sourceTree = "<group>";
		};
		70D8E7D723FA9DEE00A89C70 /* Preview Content */ = {
			isa = PBXGroup;
			children = (
				70D8E7D823FA9DEE00A89C70 /* Preview Assets.xcassets */,
			);
			path = "Preview Content";
			sourceTree = "<group>";
		};
		70D8E7EA23FAA23000A89C70 /* Utilities */ = {
			isa = PBXGroup;
			children = (
				70D8E7F423FAA79E00A89C70 /* MainWindow.swift */,
				70D8E7EB23FAA24600A89C70 /* UserDefaults.swift */,
				70A817A723FACFE10068A00F /* SourceCodeView.swift */,
			);
			path = Utilities;
			sourceTree = "<group>";
		};
		70D8E7EF23FAA35800A89C70 /* Views */ = {
			isa = PBXGroup;
			children = (
				70D8E7F923FAA83C00A89C70 /* MainView.swift */,
				70D8E7ED23FAA35400A89C70 /* BoneSpecsView.swift */,
				70A817A123FAADF00068A00F /* ContextView.swift */,
				70A817A323FAB59D0068A00F /* BoneGroupView.swift */,
				70A817A523FAB7E50068A00F /* BoneFilesView.swift */,
				70A817A923FAD9B10068A00F /* EditorView.swift */,
			);
			path = Views;
			sourceTree = "<group>";
		};
		70D8E7F623FAA7E500A89C70 /* Controllers */ = {
			isa = PBXGroup;
			children = (
				70D8E7F223FAA3B400A89C70 /* BoneSpecsController.swift */,
				70A817AD23FBCECB0068A00F /* ContextController.swift */,
				70A817AB23FAD9FF0068A00F /* BoneItemController.swift */,
			);
			path = Controllers;
			sourceTree = "<group>";
		};
/* End PBXGroup section */

/* Begin PBXNativeTarget section */
		70D8E7CD23FA9DEC00A89C70 /* MurrayStudio */ = {
			isa = PBXNativeTarget;
			buildConfigurationList = 70D8E7E123FA9DEE00A89C70 /* Build configuration list for PBXNativeTarget "MurrayStudio" */;
			buildPhases = (
				70D8E7CA23FA9DEC00A89C70 /* Sources */,
				70D8E7CB23FA9DEC00A89C70 /* Frameworks */,
				70D8E7CC23FA9DEC00A89C70 /* Resources */,
			);
			buildRules = (
			);
			dependencies = (
			);
			name = MurrayStudio;
			packageProductDependencies = (
				70D8E7E523FA9E3D00A89C70 /* MurrayKit */,
				70D8E7E823FAA20D00A89C70 /* Sourceful */,
			);
			productName = MurrayStudio;
			productReference = 70D8E7CE23FA9DEC00A89C70 /* MurrayStudio.app */;
			productType = "com.apple.product-type.application";
		};
/* End PBXNativeTarget section */

/* Begin PBXProject section */
		70D8E7C623FA9DEC00A89C70 /* Project object */ = {
			isa = PBXProject;
			attributes = {
				LastSwiftUpdateCheck = 1130;
				LastUpgradeCheck = 1130;
				ORGANIZATIONNAME = Synesthesia;
				TargetAttributes = {
					70D8E7CD23FA9DEC00A89C70 = {
						CreatedOnToolsVersion = 11.3.1;
					};
				};
			};
			buildConfigurationList = 70D8E7C923FA9DEC00A89C70 /* Build configuration list for PBXProject "MurrayStudio" */;
			compatibilityVersion = "Xcode 9.3";
			developmentRegion = en;
			hasScannedForEncodings = 0;
			knownRegions = (
				en,
				Base,
			);
			mainGroup = 70D8E7C523FA9DEC00A89C70;
			packageReferences = (
				70D8E7E423FA9E3D00A89C70 /* XCRemoteSwiftPackageReference "Murray" */,
				70D8E7E723FAA20D00A89C70 /* XCRemoteSwiftPackageReference "Sourceful" */,
			);
			productRefGroup = 70D8E7CF23FA9DEC00A89C70 /* Products */;
			projectDirPath = "";
			projectRoot = "";
			targets = (
				70D8E7CD23FA9DEC00A89C70 /* MurrayStudio */,
			);
		};
/* End PBXProject section */

/* Begin PBXResourcesBuildPhase section */
		70D8E7CC23FA9DEC00A89C70 /* Resources */ = {
			isa = PBXResourcesBuildPhase;
			buildActionMask = 2147483647;
			files = (
				70D8E7DC23FA9DEE00A89C70 /* Main.storyboard in Resources */,
				70D8E7D923FA9DEE00A89C70 /* Preview Assets.xcassets in Resources */,
				70D8E7D623FA9DEE00A89C70 /* Assets.xcassets in Resources */,
			);
			runOnlyForDeploymentPostprocessing = 0;
		};
/* End PBXResourcesBuildPhase section */

/* Begin PBXSourcesBuildPhase section */
		70D8E7CA23FA9DEC00A89C70 /* Sources */ = {
			isa = PBXSourcesBuildPhase;
			buildActionMask = 2147483647;
			files = (
				70A817A223FAADF00068A00F /* ContextView.swift in Sources */,
				70D8E7F323FAA3B400A89C70 /* BoneSpecsController.swift in Sources */,
				70A817AA23FAD9B10068A00F /* EditorView.swift in Sources */,
				70A817A423FAB59D0068A00F /* BoneGroupView.swift in Sources */,
				70A817A623FAB7E50068A00F /* BoneFilesView.swift in Sources */,
				70D8E7FA23FAA83C00A89C70 /* MainView.swift in Sources */,
				70A817AC23FAD9FF0068A00F /* BoneItemController.swift in Sources */,
				70D8E7F523FAA79E00A89C70 /* MainWindow.swift in Sources */,
				70D8E7D223FA9DEC00A89C70 /* AppDelegate.swift in Sources */,
				70A817AE23FBCECC0068A00F /* ContextController.swift in Sources */,
				70D8E7EC23FAA24600A89C70 /* UserDefaults.swift in Sources */,
				70A817A823FACFE10068A00F /* SourceCodeView.swift in Sources */,
				70D8E7EE23FAA35400A89C70 /* BoneSpecsView.swift in Sources */,
			);
			runOnlyForDeploymentPostprocessing = 0;
		};
/* End PBXSourcesBuildPhase section */

/* Begin PBXVariantGroup section */
		70D8E7DA23FA9DEE00A89C70 /* Main.storyboard */ = {
			isa = PBXVariantGroup;
			children = (
				70D8E7DB23FA9DEE00A89C70 /* Base */,
			);
			name = Main.storyboard;
			sourceTree = "<group>";
		};
/* End PBXVariantGroup section */

/* Begin XCBuildConfiguration section */
		70D8E7DF23FA9DEE00A89C70 /* Debug */ = {
			isa = XCBuildConfiguration;
			buildSettings = {
				ALWAYS_SEARCH_USER_PATHS = NO;
				CLANG_ANALYZER_NONNULL = YES;
				CLANG_ANALYZER_NUMBER_OBJECT_CONVERSION = YES_AGGRESSIVE;
				CLANG_CXX_LANGUAGE_STANDARD = "gnu++14";
				CLANG_CXX_LIBRARY = "libc++";
				CLANG_ENABLE_MODULES = YES;
				CLANG_ENABLE_OBJC_ARC = YES;
				CLANG_ENABLE_OBJC_WEAK = YES;
				CLANG_WARN_BLOCK_CAPTURE_AUTORELEASING = YES;
				CLANG_WARN_BOOL_CONVERSION = YES;
				CLANG_WARN_COMMA = YES;
				CLANG_WARN_CONSTANT_CONVERSION = YES;
				CLANG_WARN_DEPRECATED_OBJC_IMPLEMENTATIONS = YES;
				CLANG_WARN_DIRECT_OBJC_ISA_USAGE = YES_ERROR;
				CLANG_WARN_DOCUMENTATION_COMMENTS = YES;
				CLANG_WARN_EMPTY_BODY = YES;
				CLANG_WARN_ENUM_CONVERSION = YES;
				CLANG_WARN_INFINITE_RECURSION = YES;
				CLANG_WARN_INT_CONVERSION = YES;
				CLANG_WARN_NON_LITERAL_NULL_CONVERSION = YES;
				CLANG_WARN_OBJC_IMPLICIT_RETAIN_SELF = YES;
				CLANG_WARN_OBJC_LITERAL_CONVERSION = YES;
				CLANG_WARN_OBJC_ROOT_CLASS = YES_ERROR;
				CLANG_WARN_RANGE_LOOP_ANALYSIS = YES;
				CLANG_WARN_STRICT_PROTOTYPES = YES;
				CLANG_WARN_SUSPICIOUS_MOVE = YES;
				CLANG_WARN_UNGUARDED_AVAILABILITY = YES_AGGRESSIVE;
				CLANG_WARN_UNREACHABLE_CODE = YES;
				CLANG_WARN__DUPLICATE_METHOD_MATCH = YES;
				COPY_PHASE_STRIP = NO;
				DEBUG_INFORMATION_FORMAT = dwarf;
				ENABLE_STRICT_OBJC_MSGSEND = YES;
				ENABLE_TESTABILITY = YES;
				GCC_C_LANGUAGE_STANDARD = gnu11;
				GCC_DYNAMIC_NO_PIC = NO;
				GCC_NO_COMMON_BLOCKS = YES;
				GCC_OPTIMIZATION_LEVEL = 0;
				GCC_PREPROCESSOR_DEFINITIONS = (
					"DEBUG=1",
					"$(inherited)",
				);
				GCC_WARN_64_TO_32_BIT_CONVERSION = YES;
				GCC_WARN_ABOUT_RETURN_TYPE = YES_ERROR;
				GCC_WARN_UNDECLARED_SELECTOR = YES;
				GCC_WARN_UNINITIALIZED_AUTOS = YES_AGGRESSIVE;
				GCC_WARN_UNUSED_FUNCTION = YES;
				GCC_WARN_UNUSED_VARIABLE = YES;
				MACOSX_DEPLOYMENT_TARGET = 10.15;
				MTL_ENABLE_DEBUG_INFO = INCLUDE_SOURCE;
				MTL_FAST_MATH = YES;
				ONLY_ACTIVE_ARCH = YES;
				SDKROOT = macosx;
				SWIFT_ACTIVE_COMPILATION_CONDITIONS = DEBUG;
				SWIFT_OPTIMIZATION_LEVEL = "-Onone";
			};
			name = Debug;
		};
		70D8E7E023FA9DEE00A89C70 /* Release */ = {
			isa = XCBuildConfiguration;
			buildSettings = {
				ALWAYS_SEARCH_USER_PATHS = NO;
				CLANG_ANALYZER_NONNULL = YES;
				CLANG_ANALYZER_NUMBER_OBJECT_CONVERSION = YES_AGGRESSIVE;
				CLANG_CXX_LANGUAGE_STANDARD = "gnu++14";
				CLANG_CXX_LIBRARY = "libc++";
				CLANG_ENABLE_MODULES = YES;
				CLANG_ENABLE_OBJC_ARC = YES;
				CLANG_ENABLE_OBJC_WEAK = YES;
				CLANG_WARN_BLOCK_CAPTURE_AUTORELEASING = YES;
				CLANG_WARN_BOOL_CONVERSION = YES;
				CLANG_WARN_COMMA = YES;
				CLANG_WARN_CONSTANT_CONVERSION = YES;
				CLANG_WARN_DEPRECATED_OBJC_IMPLEMENTATIONS = YES;
				CLANG_WARN_DIRECT_OBJC_ISA_USAGE = YES_ERROR;
				CLANG_WARN_DOCUMENTATION_COMMENTS = YES;
				CLANG_WARN_EMPTY_BODY = YES;
				CLANG_WARN_ENUM_CONVERSION = YES;
				CLANG_WARN_INFINITE_RECURSION = YES;
				CLANG_WARN_INT_CONVERSION = YES;
				CLANG_WARN_NON_LITERAL_NULL_CONVERSION = YES;
				CLANG_WARN_OBJC_IMPLICIT_RETAIN_SELF = YES;
				CLANG_WARN_OBJC_LITERAL_CONVERSION = YES;
				CLANG_WARN_OBJC_ROOT_CLASS = YES_ERROR;
				CLANG_WARN_RANGE_LOOP_ANALYSIS = YES;
				CLANG_WARN_STRICT_PROTOTYPES = YES;
				CLANG_WARN_SUSPICIOUS_MOVE = YES;
				CLANG_WARN_UNGUARDED_AVAILABILITY = YES_AGGRESSIVE;
				CLANG_WARN_UNREACHABLE_CODE = YES;
				CLANG_WARN__DUPLICATE_METHOD_MATCH = YES;
				COPY_PHASE_STRIP = NO;
				DEBUG_INFORMATION_FORMAT = "dwarf-with-dsym";
				ENABLE_NS_ASSERTIONS = NO;
				ENABLE_STRICT_OBJC_MSGSEND = YES;
				GCC_C_LANGUAGE_STANDARD = gnu11;
				GCC_NO_COMMON_BLOCKS = YES;
				GCC_WARN_64_TO_32_BIT_CONVERSION = YES;
				GCC_WARN_ABOUT_RETURN_TYPE = YES_ERROR;
				GCC_WARN_UNDECLARED_SELECTOR = YES;
				GCC_WARN_UNINITIALIZED_AUTOS = YES_AGGRESSIVE;
				GCC_WARN_UNUSED_FUNCTION = YES;
				GCC_WARN_UNUSED_VARIABLE = YES;
				MACOSX_DEPLOYMENT_TARGET = 10.15;
				MTL_ENABLE_DEBUG_INFO = NO;
				MTL_FAST_MATH = YES;
				SDKROOT = macosx;
				SWIFT_COMPILATION_MODE = wholemodule;
				SWIFT_OPTIMIZATION_LEVEL = "-O";
			};
			name = Release;
		};
		70D8E7E223FA9DEE00A89C70 /* Debug */ = {
			isa = XCBuildConfiguration;
			buildSettings = {
				ASSETCATALOG_COMPILER_APPICON_NAME = AppIcon;
				CODE_SIGN_ENTITLEMENTS = MurrayStudio/MurrayStudio.entitlements;
				CODE_SIGN_STYLE = Automatic;
				COMBINE_HIDPI_IMAGES = YES;
				DEVELOPMENT_ASSET_PATHS = "\"MurrayStudio/Preview Content\"";
				DEVELOPMENT_TEAM = 6T384SC3AF;
				ENABLE_PREVIEWS = YES;
				INFOPLIST_FILE = MurrayStudio/Info.plist;
				LD_RUNPATH_SEARCH_PATHS = (
					"$(inherited)",
					"@executable_path/../Frameworks",
				);
				MACOSX_DEPLOYMENT_TARGET = 10.15;
				PRODUCT_BUNDLE_IDENTIFIER = it.synesthesia.MurrayGUI;
				PRODUCT_NAME = "$(TARGET_NAME)";
				SWIFT_VERSION = 5.0;
			};
			name = Debug;
		};
		70D8E7E323FA9DEE00A89C70 /* Release */ = {
			isa = XCBuildConfiguration;
			buildSettings = {
				ASSETCATALOG_COMPILER_APPICON_NAME = AppIcon;
				CODE_SIGN_ENTITLEMENTS = MurrayStudio/MurrayStudio.entitlements;
				CODE_SIGN_STYLE = Automatic;
				COMBINE_HIDPI_IMAGES = YES;
				DEVELOPMENT_ASSET_PATHS = "\"MurrayStudio/Preview Content\"";
				DEVELOPMENT_TEAM = 6T384SC3AF;
				ENABLE_PREVIEWS = YES;
				INFOPLIST_FILE = MurrayStudio/Info.plist;
				LD_RUNPATH_SEARCH_PATHS = (
					"$(inherited)",
					"@executable_path/../Frameworks",
				);
				MACOSX_DEPLOYMENT_TARGET = 10.15;
				PRODUCT_BUNDLE_IDENTIFIER = it.synesthesia.MurrayGUI;
				PRODUCT_NAME = "$(TARGET_NAME)";
				SWIFT_VERSION = 5.0;
			};
			name = Release;
		};
/* End XCBuildConfiguration section */

/* Begin XCConfigurationList section */
		70D8E7C923FA9DEC00A89C70 /* Build configuration list for PBXProject "MurrayStudio" */ = {
			isa = XCConfigurationList;
			buildConfigurations = (
				70D8E7DF23FA9DEE00A89C70 /* Debug */,
				70D8E7E023FA9DEE00A89C70 /* Release */,
			);
			defaultConfigurationIsVisible = 0;
			defaultConfigurationName = Release;
		};
		70D8E7E123FA9DEE00A89C70 /* Build configuration list for PBXNativeTarget "MurrayStudio" */ = {
			isa = XCConfigurationList;
			buildConfigurations = (
				70D8E7E223FA9DEE00A89C70 /* Debug */,
				70D8E7E323FA9DEE00A89C70 /* Release */,
			);
			defaultConfigurationIsVisible = 0;
			defaultConfigurationName = Release;
		};
/* End XCConfigurationList section */

/* Begin XCRemoteSwiftPackageReference section */
		70D8E7E423FA9E3D00A89C70 /* XCRemoteSwiftPackageReference "Murray" */ = {
			isa = XCRemoteSwiftPackageReference;
			repositoryURL = "git@github.com:synesthesia-it/Murray";
			requirement = {
				branch = v2;
				kind = branch;
			};
		};
		70D8E7E723FAA20D00A89C70 /* XCRemoteSwiftPackageReference "Sourceful" */ = {
			isa = XCRemoteSwiftPackageReference;
			repositoryURL = "git@github.com:twostraws/Sourceful.git";
			requirement = {
				branch = master;
				kind = branch;
			};
		};
/* End XCRemoteSwiftPackageReference section */

/* Begin XCSwiftPackageProductDependency section */
		70D8E7E523FA9E3D00A89C70 /* MurrayKit */ = {
			isa = XCSwiftPackageProductDependency;
			package = 70D8E7E423FA9E3D00A89C70 /* XCRemoteSwiftPackageReference "Murray" */;
			productName = MurrayKit;
		};
		70D8E7E823FAA20D00A89C70 /* Sourceful */ = {
			isa = XCSwiftPackageProductDependency;
			package = 70D8E7E723FAA20D00A89C70 /* XCRemoteSwiftPackageReference "Sourceful" */;
			productName = Sourceful;
		};
/* End XCSwiftPackageProductDependency section */
	};
	rootObject = 70D8E7C623FA9DEC00A89C70 /* Project object */;
}
